
Microsoft Visual Studio Solution File, Format Version 12.00
# Visual Studio Version 17
VisualStudioVersion = 17.10.34928.147
MinimumVisualStudioVersion = 10.0.40219.1
Project("{FAE04EC0-301F-11D3-BF4B-00C04F79EFBC}") = "RewindBrowser", "RewindBrowser.csproj", "{09DAECA1-6CB2-4B42-B317-A4D06B1EE423}"
EndProject
Global
	GlobalSection(SolutionConfigurationPlatforms) = preSolution
		Debug|Any CPU = Debug|Any CPU
		Release|Any CPU = Release|Any CPU
	EndGlobalSection
	GlobalSection(ProjectConfigurationPlatforms) = postSolution
		{09DAECA1-6CB2-4B42-B317-A4D06B1EE423}.Debug|Any CPU.ActiveCfg = Debug|Any CPU
		{09DAECA1-6CB2-4B42-B317-A4D06B1EE423}.Debug|Any CPU.Build.0 = Debug|Any CPU
		{09DAECA1-6CB2-4B42-B317-A4D06B1EE423}.Release|Any CPU.ActiveCfg = Release|Any CPU
		{09DAECA1-6CB2-4B42-B317-A4D06B1EE423}.Release|Any CPU.Build.0 = Release|Any CPU
	EndGlobalSection
	GlobalSection(SolutionProperties) = preSolution
		HideSolutionNode = FALSE
	EndGlobalSection
	GlobalSection(ExtensibilityGlobals) = postSolution
		SolutionGuid = {5CA8816E-0861-4E2A-9808-5C0C553B14F5}
	EndGlobalSection
EndGlobal
